
Microsoft Visual Studio Solution File, Format Version 12.00
# Visual Studio Version 17
VisualStudioVersion = 17.7.34221.43
MinimumVisualStudioVersion = 10.0.40219.1
Project("{9A19103F-16F7-4668-BE54-9A1E7A4F7556}") = "Corner", "Corner\Corner.csproj", "{F83C4F4D-493E-4B98-A9AB-19E92550DB29}"
EndProject
Project("{9A19103F-16F7-4668-BE54-9A1E7A4F7556}") = "Corner.CLI", "Corner.Console\Corner.CLI.csproj", "{C6C6CCA6-53B2-4F97-A3C1-632BC6A722A8}"
EndProject
Project("{2150E333-8FDC-42A3-9474-1A3956D46DE8}") = "Solution Items", "Solution Items", "{6066520E-936A-4B4A-AE1A-B5789DEFE326}"
	ProjectSection(SolutionItems) = preProject
		file.json = file.json
	EndProjectSection
EndProject
Global
	GlobalSection(SolutionConfigurationPlatforms) = preSolution
		Debug|Any CPU = Debug|Any CPU
		Release|Any CPU = Release|Any CPU
	EndGlobalSection
	GlobalSection(ProjectConfigurationPlatforms) = postSolution
		{F83C4F4D-493E-4B98-A9AB-19E92550DB29}.Debug|Any CPU.ActiveCfg = Debug|Any CPU
		{F83C4F4D-493E-4B98-A9AB-19E92550DB29}.Debug|Any CPU.Build.0 = Debug|Any CPU
		{F83C4F4D-493E-4B98-A9AB-19E92550DB29}.Release|Any CPU.ActiveCfg = Release|Any CPU
		{F83C4F4D-493E-4B98-A9AB-19E92550DB29}.Release|Any CPU.Build.0 = Release|Any CPU
		{C6C6CCA6-53B2-4F97-A3C1-632BC6A722A8}.Debug|Any CPU.ActiveCfg = Debug|Any CPU
		{C6C6CCA6-53B2-4F97-A3C1-632BC6A722A8}.Debug|Any CPU.Build.0 = Debug|Any CPU
		{C6C6CCA6-53B2-4F97-A3C1-632BC6A722A8}.Release|Any CPU.ActiveCfg = Release|Any CPU
		{C6C6CCA6-53B2-4F97-A3C1-632BC6A722A8}.Release|Any CPU.Build.0 = Release|Any CPU
	EndGlobalSection
	GlobalSection(SolutionProperties) = preSolution
		HideSolutionNode = FALSE
	EndGlobalSection
	GlobalSection(ExtensibilityGlobals) = postSolution
		SolutionGuid = {2B9ED129-8691-4A9E-A591-4597D9DAF511}
	EndGlobalSection
EndGlobal
